// !$*UTF8*$!
{
	archiveVersion = 1;
	classes = {
	};
	objectVersion = 46;
	objects = {

/* Begin PBXFileReference section */
		9B3F0FD41B3DA08600B94DE6 /* main.swift */ = {isa = PBXFileReference; lastKnownFileType = sourcecode.swift; path = main.swift; sourceTree = "<group>"; };
/* End PBXFileReference section */

/* Begin PBXGroup section */
		9B3F0FCD1B3DA06C00B94DE6 = {
			isa = PBXGroup;
			children = (
				9B3F0FD41B3DA08600B94DE6 /* main.swift */,
			);
			sourceTree = "<group>";
		};
/* End PBXGroup section */

/* Begin PBXProject section */
		9B3F0FCE1B3DA06C00B94DE6 /* Project object */ = {
			isa = PBXProject;
			attributes = {
				LastUpgradeCheck = 0630;
			};
			buildConfigurationList = 9B3F0FD11B3DA06C00B94DE6 /* Build configuration list for PBXProject "LoLi" */;
			compatibilityVersion = "Xcode 3.2";
			developmentRegion = English;
			hasScannedForEncodings = 0;
			knownRegions = (
				en,
			);
			mainGroup = 9B3F0FCD1B3DA06C00B94DE6;
			projectDirPath = "";
			projectRoot = "";
			targets = (
			);
		};
/* End PBXProject section */

/* Begin XCBuildConfiguration section */
		9B3F0FD21B3DA06C00B94DE6 /* Debug */ = {
			isa = XCBuildConfiguration;
			buildSettings = {
			};
			name = Debug;
		};
		9B3F0FD31B3DA06C00B94DE6 /* Release */ = {
			isa = XCBuildConfiguration;
			buildSettings = {
			};
			name = Release;
		};
/* End XCBuildConfiguration section */

/* Begin XCConfigurationList section */
		9B3F0FD11B3DA06C00B94DE6 /* Build configuration list for PBXProject "LoLi" */ = {
			isa = XCConfigurationList;
			buildConfigurations = (
				9B3F0FD21B3DA06C00B94DE6 /* Debug */,
				9B3F0FD31B3DA06C00B94DE6 /* Release */,
			);
			defaultConfigurationIsVisible = 0;
			defaultConfigurationName = Release;
		};
/* End XCConfigurationList section */
	};
	rootObject = 9B3F0FCE1B3DA06C00B94DE6 /* Project object */;
}
